
Microsoft Visual Studio Solution File, Format Version 12.00
# Visual Studio Version 17
VisualStudioVersion = 17.0.32112.339
MinimumVisualStudioVersion = 10.0.40219.1
Project("{2150E333-8FDC-42A3-9474-1A3956D46DE8}") = "services", "services", "{ED0A7918-04FA-4040-B641-4CA249074083}"
EndProject
Project("{2150E333-8FDC-42A3-9474-1A3956D46DE8}") = "shared", "shared", "{140ED621-3D93-4523-8B62-BE6850E04698}"
EndProject
Project("{9A19103F-16F7-4668-BE54-9A1E7A4F7556}") = "PlayTicket.DbMigrator", "shared\PlayTicket.DbMigrator\PlayTicket.DbMigrator.csproj", "{D6921133-0AFF-4473-A469-7F2226AB5C1F}"
EndProject
Project("{9A19103F-16F7-4668-BE54-9A1E7A4F7556}") = "PlayTicket.Hosting.Shared", "shared\PlayTicket.Hosting.Shared\PlayTicket.Hosting.Shared.csproj", "{14078787-9BEA-40B7-B9A6-C5FFE1DA55A9}"
EndProject
Project("{2150E333-8FDC-42A3-9474-1A3956D46DE8}") = "Solution Items", "Solution Items", "{8D0555B6-9418-4373-AAD5-74BC25768D9D}"
	ProjectSection(SolutionItems) = preProject
		.editorconfig = .editorconfig
	EndProjectSection
EndProject
Project("{FAE04EC0-301F-11D3-BF4B-00C04F79EFBC}") = "PlayTicket.AppHost", "PlayTicket.AppHost\PlayTicket.AppHost.csproj", "{8DB15713-440F-40DF-BAF3-F6A376F81CE0}"
EndProject
Project("{FAE04EC0-301F-11D3-BF4B-00C04F79EFBC}") = "PlayTicket.ServiceDefaults", "shared\PlayTicket.ServiceDefaults\PlayTicket.ServiceDefaults.csproj", "{8506D754-AA5B-40FD-9788-D9BB513967B1}"
EndProject
Project("{FAE04EC0-301F-11D3-BF4B-00C04F79EFBC}") = "PlayTicket.CashVoucherService.HttpApi.Host", "services\cashvoucher\host\PlayTicket.CashVoucherService.HttpApi.Host\PlayTicket.CashVoucherService.HttpApi.Host.csproj", "{00E44722-A96A-4579-86ED-97664EE4CA8C}"
EndProject
Project("{FAE04EC0-301F-11D3-BF4B-00C04F79EFBC}") = "PlayTicket.CashVoucherService.Application", "services\cashvoucher\src\PlayTicket.CashVoucherService.Application\PlayTicket.CashVoucherService.Application.csproj", "{B87A3A54-5147-45DD-8B06-3B92D5D87EE3}"
EndProject
Project("{FAE04EC0-301F-11D3-BF4B-00C04F79EFBC}") = "PlayTicket.CashVoucherService.Application.Contracts", "services\cashvoucher\src\PlayTicket.CashVoucherService.Application.Contracts\PlayTicket.CashVoucherService.Application.Contracts.csproj", "{DDD47086-FB4C-4752-83D5-D332D12C9727}"
EndProject
Project("{FAE04EC0-301F-11D3-BF4B-00C04F79EFBC}") = "PlayTicket.CashVoucherService.Domain", "services\cashvoucher\src\PlayTicket.CashVoucherService.Domain\PlayTicket.CashVoucherService.Domain.csproj", "{A0C95DB2-FDEF-4DFF-A88B-1899F8EF6B91}"
EndProject
Project("{FAE04EC0-301F-11D3-BF4B-00C04F79EFBC}") = "PlayTicket.CashVoucherService.Domain.Shared", "services\cashvoucher\src\PlayTicket.CashVoucherService.Domain.Shared\PlayTicket.CashVoucherService.Domain.Shared.csproj", "{9BCC15B8-9475-4065-B902-859482ECCD9D}"
EndProject
Project("{FAE04EC0-301F-11D3-BF4B-00C04F79EFBC}") = "PlayTicket.CashVoucherService.HttpApi", "services\cashvoucher\src\PlayTicket.CashVoucherService.HttpApi\PlayTicket.CashVoucherService.HttpApi.csproj", "{89E92AC5-5FEA-4060-8938-69D24F777FEA}"
EndProject
Project("{FAE04EC0-301F-11D3-BF4B-00C04F79EFBC}") = "PlayTicket.CashVoucherService.HttpApi.Client", "services\cashvoucher\src\PlayTicket.CashVoucherService.HttpApi.Client\PlayTicket.CashVoucherService.HttpApi.Client.csproj", "{60C2C3AA-4F3E-433A-8797-BBA92F08DAEE}"
EndProject
Project("{2150E333-8FDC-42A3-9474-1A3956D46DE8}") = "cashvoucher", "cashvoucher", "{471DAF0F-993A-4DD7-BDA0-0695AAE07C42}"
EndProject
Project("{2150E333-8FDC-42A3-9474-1A3956D46DE8}") = "user", "user", "{2E1C23F3-C9FC-4A61-8977-B0E362612130}"
EndProject
Project("{FAE04EC0-301F-11D3-BF4B-00C04F79EFBC}") = "PlayTicket.UserService.HttpApi.Host", "services\user\host\PlayTicket.UserService.HttpApi.Host\PlayTicket.UserService.HttpApi.Host.csproj", "{2D98107A-30B6-4982-BFAF-DC8A99CF44D3}"
EndProject
Project("{FAE04EC0-301F-11D3-BF4B-00C04F79EFBC}") = "PlayTicket.UserService.Application", "services\user\src\PlayTicket.UserService.Application\PlayTicket.UserService.Application.csproj", "{25DB22A9-BFDE-4CF0-9E23-8A9F0342889D}"
EndProject
Project("{FAE04EC0-301F-11D3-BF4B-00C04F79EFBC}") = "PlayTicket.UserService.Application.Contracts", "services\user\src\PlayTicket.UserService.Application.Contracts\PlayTicket.UserService.Application.Contracts.csproj", "{F9B90C4C-88F0-45C9-829C-B21D143853DD}"
EndProject
Project("{FAE04EC0-301F-11D3-BF4B-00C04F79EFBC}") = "PlayTicket.UserService.HttpApi.Client", "services\user\src\PlayTicket.UserService.HttpApi.Client\PlayTicket.UserService.HttpApi.Client.csproj", "{354A8510-AC06-4FC9-8BBF-48067C2B3EBD}"
EndProject
Project("{FAE04EC0-301F-11D3-BF4B-00C04F79EFBC}") = "PlayTicket.UserService.HttpApi", "services\user\src\PlayTicket.UserService.HttpApi\PlayTicket.UserService.HttpApi.csproj", "{8AF3E380-4FF5-4B36-B2AE-5D133343AD6B}"
EndProject
Project("{FAE04EC0-301F-11D3-BF4B-00C04F79EFBC}") = "PlayTicket.UserService.Domain.Shared", "services\user\src\PlayTicket.UserService.Domain.Shared\PlayTicket.UserService.Domain.Shared.csproj", "{513C521D-9675-4486-B862-202E4BF5F120}"
EndProject
Project("{FAE04EC0-301F-11D3-BF4B-00C04F79EFBC}") = "PlayTicket.UserService.Domain", "services\user\src\PlayTicket.UserService.Domain\PlayTicket.UserService.Domain.csproj", "{ED06C3CC-85AB-4ECE-A939-FDEDB79F840A}"
EndProject
Project("{2150E333-8FDC-42A3-9474-1A3956D46DE8}") = "lambdas", "lambdas", "{50439E9A-ECB6-47ED-8555-498984221F92}"
	ProjectSection(SolutionItems) = preProject
		lambdas\lambdas.txt = lambdas\lambdas.txt
	EndProjectSection
EndProject
Project("{FAE04EC0-301F-11D3-BF4B-00C04F79EFBC}") = "PlayTicket.UserService.Infrastructure", "services\user\src\PlayTicket.UserService.Infrastructure\PlayTicket.UserService.Infrastructure.csproj", "{3B2F7BB9-5BCC-433E-952E-F105E0549EC4}"
EndProject
Project("{2150E333-8FDC-42A3-9474-1A3956D46DE8}") = "host", "host", "{1DCF5AD5-0BF2-4E7C-97BB-A2EB7278C069}"
EndProject
Project("{2150E333-8FDC-42A3-9474-1A3956D46DE8}") = "src", "src", "{E2B5E366-53DB-40CE-A9A0-B8C34B43089B}"
EndProject
Project("{2150E333-8FDC-42A3-9474-1A3956D46DE8}") = "test", "test", "{8240EB42-9748-4C64-A34A-A6B84E2ED3AD}"
EndProject
Project("{FAE04EC0-301F-11D3-BF4B-00C04F79EFBC}") = "PlayTicket.UserService.Application.Tests", "services\user\test\PlayTicket.UserService.Application.Tests\PlayTicket.UserService.Application.Tests.csproj", "{E1C77E5E-2B04-4AB5-9A96-A4DC768F445D}"
EndProject
Project("{FAE04EC0-301F-11D3-BF4B-00C04F79EFBC}") = "PlayTicket.UserService.TestBase", "services\user\test\PlayTicket.UserService.TestBase\PlayTicket.UserService.TestBase.csproj", "{94B8E1DF-1AEC-4F0E-B123-CF8C476B3E6C}"
EndProject
Project("{FAE04EC0-301F-11D3-BF4B-00C04F79EFBC}") = "PlayTicket.UserService.Domain.Tests", "services\user\test\PlayTicket.UserService.Domain.Tests\PlayTicket.UserService.Domain.Tests.csproj", "{53FBE38A-9D31-4283-AA60-6107562390A3}"
EndProject
Project("{FAE04EC0-301F-11D3-BF4B-00C04F79EFBC}") = "PlayTicket.UserService.HttpApi.Client.ConsoleTestApp", "services\user\test\PlayTicket.UserService.HttpApi.Client.ConsoleTestApp\PlayTicket.UserService.HttpApi.Client.ConsoleTestApp.csproj", "{07B52A1D-FF33-4DD6-B5DE-2B4DF5E75AB1}"
EndProject
Project("{FAE04EC0-301F-11D3-BF4B-00C04F79EFBC}") = "PlayTicket.UserService.Infrastructure.Tests", "services\user\test\PlayTicket.UserService.Infrastructure.Tests\PlayTicket.UserService.Infrastructure.Tests.csproj", "{D484A428-6EDC-4FC2-96CD-5384F5BEB2A9}"
EndProject
Project("{FAE04EC0-301F-11D3-BF4B-00C04F79EFBC}") = "PlayTicket.CashVoucherService.Infrastructure", "services\cashvoucher\src\PlayTicket.CashVoucherService.Infrastructure\PlayTicket.CashVoucherService.Infrastructure.csproj", "{32DC8F77-5375-49E7-807F-AFFEB431C07F}"
EndProject
Project("{2150E333-8FDC-42A3-9474-1A3956D46DE8}") = "host", "host", "{9AB58C69-C6D8-47E1-921F-12817375B1EF}"
EndProject
Project("{2150E333-8FDC-42A3-9474-1A3956D46DE8}") = "src", "src", "{E9ACD675-32F5-4CDA-A125-E031FCED6E5F}"
EndProject
Project("{2150E333-8FDC-42A3-9474-1A3956D46DE8}") = "test", "test", "{480148A8-441C-4D52-905E-AAD7B096B5F4}"
EndProject
Project("{FAE04EC0-301F-11D3-BF4B-00C04F79EFBC}") = "PlayTicket.CashVoucherService.Application.Tests", "services\cashvoucher\test\PlayTicket.CashVoucherService.Application.Tests\PlayTicket.CashVoucherService.Application.Tests.csproj", "{4AAB0BC2-DC69-4DB9-A49D-2A98125326DC}"
EndProject
Project("{FAE04EC0-301F-11D3-BF4B-00C04F79EFBC}") = "PlayTicket.CashVoucherService.Domain.Tests", "services\cashvoucher\test\PlayTicket.CashVoucherService.Domain.Tests\PlayTicket.CashVoucherService.Domain.Tests.csproj", "{FAD58743-9F37-47E4-83E5-6B4C14917D9C}"
EndProject
Project("{FAE04EC0-301F-11D3-BF4B-00C04F79EFBC}") = "PlayTicket.CashVoucherService.Infrastructure.Tests", "services\cashvoucher\test\PlayTicket.CashVoucherService.Infrastructure.Tests\PlayTicket.CashVoucherService.Infrastructure.Tests.csproj", "{7C54632A-DB76-4837-B610-054EBD5C7EAD}"
EndProject
Project("{FAE04EC0-301F-11D3-BF4B-00C04F79EFBC}") = "PlayTicket.CashVoucherService.HttpApi.Client.ConsoleTestApp", "services\cashvoucher\test\PlayTicket.CashVoucherService.HttpApi.Client.ConsoleTestApp\PlayTicket.CashVoucherService.HttpApi.Client.ConsoleTestApp.csproj", "{7F97A1C9-37BB-4AFD-9FD6-2CBCF4BEE2E0}"
EndProject
Project("{FAE04EC0-301F-11D3-BF4B-00C04F79EFBC}") = "PlayTicket.CashVoucherService.TestBase", "services\cashvoucher\test\PlayTicket.CashVoucherService.TestBase\PlayTicket.CashVoucherService.TestBase.csproj", "{CC6902C7-1784-4B66-AE1F-EA6CAB758133}"
EndProject
Global
	GlobalSection(SolutionConfigurationPlatforms) = preSolution
		Debug|Any CPU = Debug|Any CPU
		Release|Any CPU = Release|Any CPU
	EndGlobalSection
	GlobalSection(ProjectConfigurationPlatforms) = postSolution
		{D6921133-0AFF-4473-A469-7F2226AB5C1F}.Debug|Any CPU.ActiveCfg = Debug|Any CPU
		{D6921133-0AFF-4473-A469-7F2226AB5C1F}.Debug|Any CPU.Build.0 = Debug|Any CPU
		{D6921133-0AFF-4473-A469-7F2226AB5C1F}.Release|Any CPU.ActiveCfg = Release|Any CPU
		{D6921133-0AFF-4473-A469-7F2226AB5C1F}.Release|Any CPU.Build.0 = Release|Any CPU
		{14078787-9BEA-40B7-B9A6-C5FFE1DA55A9}.Debug|Any CPU.ActiveCfg = Debug|Any CPU
		{14078787-9BEA-40B7-B9A6-C5FFE1DA55A9}.Debug|Any CPU.Build.0 = Debug|Any CPU
		{14078787-9BEA-40B7-B9A6-C5FFE1DA55A9}.Release|Any CPU.ActiveCfg = Release|Any CPU
		{14078787-9BEA-40B7-B9A6-C5FFE1DA55A9}.Release|Any CPU.Build.0 = Release|Any CPU
		{8DB15713-440F-40DF-BAF3-F6A376F81CE0}.Debug|Any CPU.ActiveCfg = Debug|Any CPU
		{8DB15713-440F-40DF-BAF3-F6A376F81CE0}.Debug|Any CPU.Build.0 = Debug|Any CPU
		{8DB15713-440F-40DF-BAF3-F6A376F81CE0}.Release|Any CPU.ActiveCfg = Release|Any CPU
		{8DB15713-440F-40DF-BAF3-F6A376F81CE0}.Release|Any CPU.Build.0 = Release|Any CPU
		{8506D754-AA5B-40FD-9788-D9BB513967B1}.Debug|Any CPU.ActiveCfg = Debug|Any CPU
		{8506D754-AA5B-40FD-9788-D9BB513967B1}.Debug|Any CPU.Build.0 = Debug|Any CPU
		{8506D754-AA5B-40FD-9788-D9BB513967B1}.Release|Any CPU.ActiveCfg = Release|Any CPU
		{8506D754-AA5B-40FD-9788-D9BB513967B1}.Release|Any CPU.Build.0 = Release|Any CPU
		{00E44722-A96A-4579-86ED-97664EE4CA8C}.Debug|Any CPU.ActiveCfg = Debug|Any CPU
		{00E44722-A96A-4579-86ED-97664EE4CA8C}.Debug|Any CPU.Build.0 = Debug|Any CPU
		{00E44722-A96A-4579-86ED-97664EE4CA8C}.Release|Any CPU.ActiveCfg = Release|Any CPU
		{00E44722-A96A-4579-86ED-97664EE4CA8C}.Release|Any CPU.Build.0 = Release|Any CPU
		{B87A3A54-5147-45DD-8B06-3B92D5D87EE3}.Debug|Any CPU.ActiveCfg = Debug|Any CPU
		{B87A3A54-5147-45DD-8B06-3B92D5D87EE3}.Debug|Any CPU.Build.0 = Debug|Any CPU
		{B87A3A54-5147-45DD-8B06-3B92D5D87EE3}.Release|Any CPU.ActiveCfg = Release|Any CPU
		{B87A3A54-5147-45DD-8B06-3B92D5D87EE3}.Release|Any CPU.Build.0 = Release|Any CPU
		{DDD47086-FB4C-4752-83D5-D332D12C9727}.Debug|Any CPU.ActiveCfg = Debug|Any CPU
		{DDD47086-FB4C-4752-83D5-D332D12C9727}.Debug|Any CPU.Build.0 = Debug|Any CPU
		{DDD47086-FB4C-4752-83D5-D332D12C9727}.Release|Any CPU.ActiveCfg = Release|Any CPU
		{DDD47086-FB4C-4752-83D5-D332D12C9727}.Release|Any CPU.Build.0 = Release|Any CPU
		{A0C95DB2-FDEF-4DFF-A88B-1899F8EF6B91}.Debug|Any CPU.ActiveCfg = Debug|Any CPU
		{A0C95DB2-FDEF-4DFF-A88B-1899F8EF6B91}.Debug|Any CPU.Build.0 = Debug|Any CPU
		{A0C95DB2-FDEF-4DFF-A88B-1899F8EF6B91}.Release|Any CPU.ActiveCfg = Release|Any CPU
		{A0C95DB2-FDEF-4DFF-A88B-1899F8EF6B91}.Release|Any CPU.Build.0 = Release|Any CPU
		{9BCC15B8-9475-4065-B902-859482ECCD9D}.Debug|Any CPU.ActiveCfg = Debug|Any CPU
		{9BCC15B8-9475-4065-B902-859482ECCD9D}.Debug|Any CPU.Build.0 = Debug|Any CPU
		{9BCC15B8-9475-4065-B902-859482ECCD9D}.Release|Any CPU.ActiveCfg = Release|Any CPU
		{9BCC15B8-9475-4065-B902-859482ECCD9D}.Release|Any CPU.Build.0 = Release|Any CPU
		{89E92AC5-5FEA-4060-8938-69D24F777FEA}.Debug|Any CPU.ActiveCfg = Debug|Any CPU
		{89E92AC5-5FEA-4060-8938-69D24F777FEA}.Debug|Any CPU.Build.0 = Debug|Any CPU
		{89E92AC5-5FEA-4060-8938-69D24F777FEA}.Release|Any CPU.ActiveCfg = Release|Any CPU
		{89E92AC5-5FEA-4060-8938-69D24F777FEA}.Release|Any CPU.Build.0 = Release|Any CPU
		{60C2C3AA-4F3E-433A-8797-BBA92F08DAEE}.Debug|Any CPU.ActiveCfg = Debug|Any CPU
		{60C2C3AA-4F3E-433A-8797-BBA92F08DAEE}.Debug|Any CPU.Build.0 = Debug|Any CPU
		{60C2C3AA-4F3E-433A-8797-BBA92F08DAEE}.Release|Any CPU.ActiveCfg = Release|Any CPU
		{60C2C3AA-4F3E-433A-8797-BBA92F08DAEE}.Release|Any CPU.Build.0 = Release|Any CPU
		{2D98107A-30B6-4982-BFAF-DC8A99CF44D3}.Debug|Any CPU.ActiveCfg = Debug|Any CPU
		{2D98107A-30B6-4982-BFAF-DC8A99CF44D3}.Debug|Any CPU.Build.0 = Debug|Any CPU
		{2D98107A-30B6-4982-BFAF-DC8A99CF44D3}.Release|Any CPU.ActiveCfg = Release|Any CPU
		{2D98107A-30B6-4982-BFAF-DC8A99CF44D3}.Release|Any CPU.Build.0 = Release|Any CPU
		{25DB22A9-BFDE-4CF0-9E23-8A9F0342889D}.Debug|Any CPU.ActiveCfg = Debug|Any CPU
		{25DB22A9-BFDE-4CF0-9E23-8A9F0342889D}.Debug|Any CPU.Build.0 = Debug|Any CPU
		{25DB22A9-BFDE-4CF0-9E23-8A9F0342889D}.Release|Any CPU.ActiveCfg = Release|Any CPU
		{25DB22A9-BFDE-4CF0-9E23-8A9F0342889D}.Release|Any CPU.Build.0 = Release|Any CPU
		{F9B90C4C-88F0-45C9-829C-B21D143853DD}.Debug|Any CPU.ActiveCfg = Debug|Any CPU
		{F9B90C4C-88F0-45C9-829C-B21D143853DD}.Debug|Any CPU.Build.0 = Debug|Any CPU
		{F9B90C4C-88F0-45C9-829C-B21D143853DD}.Release|Any CPU.ActiveCfg = Release|Any CPU
		{F9B90C4C-88F0-45C9-829C-B21D143853DD}.Release|Any CPU.Build.0 = Release|Any CPU
		{354A8510-AC06-4FC9-8BBF-48067C2B3EBD}.Debug|Any CPU.ActiveCfg = Debug|Any CPU
		{354A8510-AC06-4FC9-8BBF-48067C2B3EBD}.Debug|Any CPU.Build.0 = Debug|Any CPU
		{354A8510-AC06-4FC9-8BBF-48067C2B3EBD}.Release|Any CPU.ActiveCfg = Release|Any CPU
		{354A8510-AC06-4FC9-8BBF-48067C2B3EBD}.Release|Any CPU.Build.0 = Release|Any CPU
		{8AF3E380-4FF5-4B36-B2AE-5D133343AD6B}.Debug|Any CPU.ActiveCfg = Debug|Any CPU
		{8AF3E380-4FF5-4B36-B2AE-5D133343AD6B}.Debug|Any CPU.Build.0 = Debug|Any CPU
		{8AF3E380-4FF5-4B36-B2AE-5D133343AD6B}.Release|Any CPU.ActiveCfg = Release|Any CPU
		{8AF3E380-4FF5-4B36-B2AE-5D133343AD6B}.Release|Any CPU.Build.0 = Release|Any CPU
		{513C521D-9675-4486-B862-202E4BF5F120}.Debug|Any CPU.ActiveCfg = Debug|Any CPU
		{513C521D-9675-4486-B862-202E4BF5F120}.Debug|Any CPU.Build.0 = Debug|Any CPU
		{513C521D-9675-4486-B862-202E4BF5F120}.Release|Any CPU.ActiveCfg = Release|Any CPU
		{513C521D-9675-4486-B862-202E4BF5F120}.Release|Any CPU.Build.0 = Release|Any CPU
		{ED06C3CC-85AB-4ECE-A939-FDEDB79F840A}.Debug|Any CPU.ActiveCfg = Debug|Any CPU
		{ED06C3CC-85AB-4ECE-A939-FDEDB79F840A}.Debug|Any CPU.Build.0 = Debug|Any CPU
		{ED06C3CC-85AB-4ECE-A939-FDEDB79F840A}.Release|Any CPU.ActiveCfg = Release|Any CPU
		{ED06C3CC-85AB-4ECE-A939-FDEDB79F840A}.Release|Any CPU.Build.0 = Release|Any CPU
		{3B2F7BB9-5BCC-433E-952E-F105E0549EC4}.Debug|Any CPU.ActiveCfg = Debug|Any CPU
		{3B2F7BB9-5BCC-433E-952E-F105E0549EC4}.Debug|Any CPU.Build.0 = Debug|Any CPU
		{3B2F7BB9-5BCC-433E-952E-F105E0549EC4}.Release|Any CPU.ActiveCfg = Release|Any CPU
		{3B2F7BB9-5BCC-433E-952E-F105E0549EC4}.Release|Any CPU.Build.0 = Release|Any CPU
		{E1C77E5E-2B04-4AB5-9A96-A4DC768F445D}.Debug|Any CPU.ActiveCfg = Debug|Any CPU
		{E1C77E5E-2B04-4AB5-9A96-A4DC768F445D}.Debug|Any CPU.Build.0 = Debug|Any CPU
		{E1C77E5E-2B04-4AB5-9A96-A4DC768F445D}.Release|Any CPU.ActiveCfg = Release|Any CPU
		{E1C77E5E-2B04-4AB5-9A96-A4DC768F445D}.Release|Any CPU.Build.0 = Release|Any CPU
		{94B8E1DF-1AEC-4F0E-B123-CF8C476B3E6C}.Debug|Any CPU.ActiveCfg = Debug|Any CPU
		{94B8E1DF-1AEC-4F0E-B123-CF8C476B3E6C}.Debug|Any CPU.Build.0 = Debug|Any CPU
		{94B8E1DF-1AEC-4F0E-B123-CF8C476B3E6C}.Release|Any CPU.ActiveCfg = Release|Any CPU
		{94B8E1DF-1AEC-4F0E-B123-CF8C476B3E6C}.Release|Any CPU.Build.0 = Release|Any CPU
		{53FBE38A-9D31-4283-AA60-6107562390A3}.Debug|Any CPU.ActiveCfg = Debug|Any CPU
		{53FBE38A-9D31-4283-AA60-6107562390A3}.Debug|Any CPU.Build.0 = Debug|Any CPU
		{53FBE38A-9D31-4283-AA60-6107562390A3}.Release|Any CPU.ActiveCfg = Release|Any CPU
		{53FBE38A-9D31-4283-AA60-6107562390A3}.Release|Any CPU.Build.0 = Release|Any CPU
		{07B52A1D-FF33-4DD6-B5DE-2B4DF5E75AB1}.Debug|Any CPU.ActiveCfg = Debug|Any CPU
		{07B52A1D-FF33-4DD6-B5DE-2B4DF5E75AB1}.Debug|Any CPU.Build.0 = Debug|Any CPU
		{07B52A1D-FF33-4DD6-B5DE-2B4DF5E75AB1}.Release|Any CPU.ActiveCfg = Release|Any CPU
		{07B52A1D-FF33-4DD6-B5DE-2B4DF5E75AB1}.Release|Any CPU.Build.0 = Release|Any CPU
		{D484A428-6EDC-4FC2-96CD-5384F5BEB2A9}.Debug|Any CPU.ActiveCfg = Debug|Any CPU
		{D484A428-6EDC-4FC2-96CD-5384F5BEB2A9}.Debug|Any CPU.Build.0 = Debug|Any CPU
		{D484A428-6EDC-4FC2-96CD-5384F5BEB2A9}.Release|Any CPU.ActiveCfg = Release|Any CPU
		{D484A428-6EDC-4FC2-96CD-5384F5BEB2A9}.Release|Any CPU.Build.0 = Release|Any CPU
		{32DC8F77-5375-49E7-807F-AFFEB431C07F}.Debug|Any CPU.ActiveCfg = Debug|Any CPU
		{32DC8F77-5375-49E7-807F-AFFEB431C07F}.Debug|Any CPU.Build.0 = Debug|Any CPU
		{32DC8F77-5375-49E7-807F-AFFEB431C07F}.Release|Any CPU.ActiveCfg = Release|Any CPU
		{32DC8F77-5375-49E7-807F-AFFEB431C07F}.Release|Any CPU.Build.0 = Release|Any CPU
		{4AAB0BC2-DC69-4DB9-A49D-2A98125326DC}.Debug|Any CPU.ActiveCfg = Debug|Any CPU
		{4AAB0BC2-DC69-4DB9-A49D-2A98125326DC}.Debug|Any CPU.Build.0 = Debug|Any CPU
		{4AAB0BC2-DC69-4DB9-A49D-2A98125326DC}.Release|Any CPU.ActiveCfg = Release|Any CPU
		{4AAB0BC2-DC69-4DB9-A49D-2A98125326DC}.Release|Any CPU.Build.0 = Release|Any CPU
		{FAD58743-9F37-47E4-83E5-6B4C14917D9C}.Debug|Any CPU.ActiveCfg = Debug|Any CPU
		{FAD58743-9F37-47E4-83E5-6B4C14917D9C}.Debug|Any CPU.Build.0 = Debug|Any CPU
		{FAD58743-9F37-47E4-83E5-6B4C14917D9C}.Release|Any CPU.ActiveCfg = Release|Any CPU
		{FAD58743-9F37-47E4-83E5-6B4C14917D9C}.Release|Any CPU.Build.0 = Release|Any CPU
		{7C54632A-DB76-4837-B610-054EBD5C7EAD}.Debug|Any CPU.ActiveCfg = Debug|Any CPU
		{7C54632A-DB76-4837-B610-054EBD5C7EAD}.Debug|Any CPU.Build.0 = Debug|Any CPU
		{7C54632A-DB76-4837-B610-054EBD5C7EAD}.Release|Any CPU.ActiveCfg = Release|Any CPU
		{7C54632A-DB76-4837-B610-054EBD5C7EAD}.Release|Any CPU.Build.0 = Release|Any CPU
		{7F97A1C9-37BB-4AFD-9FD6-2CBCF4BEE2E0}.Debug|Any CPU.ActiveCfg = Debug|Any CPU
		{7F97A1C9-37BB-4AFD-9FD6-2CBCF4BEE2E0}.Debug|Any CPU.Build.0 = Debug|Any CPU
		{7F97A1C9-37BB-4AFD-9FD6-2CBCF4BEE2E0}.Release|Any CPU.ActiveCfg = Release|Any CPU
		{7F97A1C9-37BB-4AFD-9FD6-2CBCF4BEE2E0}.Release|Any CPU.Build.0 = Release|Any CPU
		{CC6902C7-1784-4B66-AE1F-EA6CAB758133}.Debug|Any CPU.ActiveCfg = Debug|Any CPU
		{CC6902C7-1784-4B66-AE1F-EA6CAB758133}.Debug|Any CPU.Build.0 = Debug|Any CPU
		{CC6902C7-1784-4B66-AE1F-EA6CAB758133}.Release|Any CPU.ActiveCfg = Release|Any CPU
		{CC6902C7-1784-4B66-AE1F-EA6CAB758133}.Release|Any CPU.Build.0 = Release|Any CPU
	EndGlobalSection
	GlobalSection(SolutionProperties) = preSolution
		HideSolutionNode = FALSE
	EndGlobalSection
	GlobalSection(NestedProjects) = preSolution
		{D6921133-0AFF-4473-A469-7F2226AB5C1F} = {140ED621-3D93-4523-8B62-BE6850E04698}
		{14078787-9BEA-40B7-B9A6-C5FFE1DA55A9} = {140ED621-3D93-4523-8B62-BE6850E04698}
		{8506D754-AA5B-40FD-9788-D9BB513967B1} = {140ED621-3D93-4523-8B62-BE6850E04698}
		{00E44722-A96A-4579-86ED-97664EE4CA8C} = {9AB58C69-C6D8-47E1-921F-12817375B1EF}
		{B87A3A54-5147-45DD-8B06-3B92D5D87EE3} = {E9ACD675-32F5-4CDA-A125-E031FCED6E5F}
		{DDD47086-FB4C-4752-83D5-D332D12C9727} = {E9ACD675-32F5-4CDA-A125-E031FCED6E5F}
		{A0C95DB2-FDEF-4DFF-A88B-1899F8EF6B91} = {E9ACD675-32F5-4CDA-A125-E031FCED6E5F}
		{9BCC15B8-9475-4065-B902-859482ECCD9D} = {E9ACD675-32F5-4CDA-A125-E031FCED6E5F}
		{89E92AC5-5FEA-4060-8938-69D24F777FEA} = {E9ACD675-32F5-4CDA-A125-E031FCED6E5F}
		{60C2C3AA-4F3E-433A-8797-BBA92F08DAEE} = {E9ACD675-32F5-4CDA-A125-E031FCED6E5F}
		{471DAF0F-993A-4DD7-BDA0-0695AAE07C42} = {ED0A7918-04FA-4040-B641-4CA249074083}
		{2E1C23F3-C9FC-4A61-8977-B0E362612130} = {ED0A7918-04FA-4040-B641-4CA249074083}
		{2D98107A-30B6-4982-BFAF-DC8A99CF44D3} = {1DCF5AD5-0BF2-4E7C-97BB-A2EB7278C069}
		{25DB22A9-BFDE-4CF0-9E23-8A9F0342889D} = {E2B5E366-53DB-40CE-A9A0-B8C34B43089B}
		{F9B90C4C-88F0-45C9-829C-B21D143853DD} = {E2B5E366-53DB-40CE-A9A0-B8C34B43089B}
		{354A8510-AC06-4FC9-8BBF-48067C2B3EBD} = {E2B5E366-53DB-40CE-A9A0-B8C34B43089B}
		{8AF3E380-4FF5-4B36-B2AE-5D133343AD6B} = {E2B5E366-53DB-40CE-A9A0-B8C34B43089B}
		{513C521D-9675-4486-B862-202E4BF5F120} = {E2B5E366-53DB-40CE-A9A0-B8C34B43089B}
		{ED06C3CC-85AB-4ECE-A939-FDEDB79F840A} = {E2B5E366-53DB-40CE-A9A0-B8C34B43089B}
		{3B2F7BB9-5BCC-433E-952E-F105E0549EC4} = {E2B5E366-53DB-40CE-A9A0-B8C34B43089B}
		{1DCF5AD5-0BF2-4E7C-97BB-A2EB7278C069} = {2E1C23F3-C9FC-4A61-8977-B0E362612130}
		{E2B5E366-53DB-40CE-A9A0-B8C34B43089B} = {2E1C23F3-C9FC-4A61-8977-B0E362612130}
		{8240EB42-9748-4C64-A34A-A6B84E2ED3AD} = {2E1C23F3-C9FC-4A61-8977-B0E362612130}
		{E1C77E5E-2B04-4AB5-9A96-A4DC768F445D} = {8240EB42-9748-4C64-A34A-A6B84E2ED3AD}
		{94B8E1DF-1AEC-4F0E-B123-CF8C476B3E6C} = {8240EB42-9748-4C64-A34A-A6B84E2ED3AD}
		{53FBE38A-9D31-4283-AA60-6107562390A3} = {8240EB42-9748-4C64-A34A-A6B84E2ED3AD}
		{07B52A1D-FF33-4DD6-B5DE-2B4DF5E75AB1} = {8240EB42-9748-4C64-A34A-A6B84E2ED3AD}
		{D484A428-6EDC-4FC2-96CD-5384F5BEB2A9} = {8240EB42-9748-4C64-A34A-A6B84E2ED3AD}
		{32DC8F77-5375-49E7-807F-AFFEB431C07F} = {E9ACD675-32F5-4CDA-A125-E031FCED6E5F}
		{9AB58C69-C6D8-47E1-921F-12817375B1EF} = {471DAF0F-993A-4DD7-BDA0-0695AAE07C42}
		{E9ACD675-32F5-4CDA-A125-E031FCED6E5F} = {471DAF0F-993A-4DD7-BDA0-0695AAE07C42}
		{480148A8-441C-4D52-905E-AAD7B096B5F4} = {471DAF0F-993A-4DD7-BDA0-0695AAE07C42}
		{4AAB0BC2-DC69-4DB9-A49D-2A98125326DC} = {480148A8-441C-4D52-905E-AAD7B096B5F4}
		{FAD58743-9F37-47E4-83E5-6B4C14917D9C} = {480148A8-441C-4D52-905E-AAD7B096B5F4}
		{7C54632A-DB76-4837-B610-054EBD5C7EAD} = {480148A8-441C-4D52-905E-AAD7B096B5F4}
		{7F97A1C9-37BB-4AFD-9FD6-2CBCF4BEE2E0} = {480148A8-441C-4D52-905E-AAD7B096B5F4}
		{CC6902C7-1784-4B66-AE1F-EA6CAB758133} = {480148A8-441C-4D52-905E-AAD7B096B5F4}
	EndGlobalSection
	GlobalSection(ExtensibilityGlobals) = postSolution
		SolutionGuid = {ECFA44F4-824C-4405-82F5-F62F2DCBCD5E}
	EndGlobalSection
EndGlobal
